// !$*UTF8*$!
{
	archiveVersion = 1;
	classes = {
	};
	objectVersion = 56;
	objects = {

/* Begin PBXBuildFile section */
		CA3EEC252A0F332E000AA5A3 /* DetailViewController.swift in Sources */ = {isa = PBXBuildFile; fileRef = CA3EEC242A0F332E000AA5A3 /* DetailViewController.swift */; };
		CA8194D62A0E5E6100FBBCA8 /* AppDelegate.swift in Sources */ = {isa = PBXBuildFile; fileRef = CA8194D52A0E5E6100FBBCA8 /* AppDelegate.swift */; };
		CA8194D82A0E5E6100FBBCA8 /* SceneDelegate.swift in Sources */ = {isa = PBXBuildFile; fileRef = CA8194D72A0E5E6100FBBCA8 /* SceneDelegate.swift */; };
		CA8194DD2A0E5E6100FBBCA8 /* Main.storyboard in Resources */ = {isa = PBXBuildFile; fileRef = CA8194DB2A0E5E6100FBBCA8 /* Main.storyboard */; };
		CA8194DF2A0E5E6200FBBCA8 /* Assets.xcassets in Resources */ = {isa = PBXBuildFile; fileRef = CA8194DE2A0E5E6200FBBCA8 /* Assets.xcassets */; };
		CA8194E22A0E5E6200FBBCA8 /* LaunchScreen.storyboard in Resources */ = {isa = PBXBuildFile; fileRef = CA8194E02A0E5E6200FBBCA8 /* LaunchScreen.storyboard */; };
		CA8194ED2A0E5F7F00FBBCA8 /* Contact.swift in Sources */ = {isa = PBXBuildFile; fileRef = CA8194EC2A0E5F7F00FBBCA8 /* Contact.swift */; };
		CA8194EF2A0E604F00FBBCA8 /* StorageManager.swift in Sources */ = {isa = PBXBuildFile; fileRef = CA8194EE2A0E604F00FBBCA8 /* StorageManager.swift */; };
		CAA72F132A0F269F004F9342 /* NewContactViewController.swift in Sources */ = {isa = PBXBuildFile; fileRef = CAA72F122A0F269F004F9342 /* NewContactViewController.swift */; };
		CAA72F152A0F30F4004F9342 /* ContactListViewController.swift in Sources */ = {isa = PBXBuildFile; fileRef = CAA72F142A0F30F4004F9342 /* ContactListViewController.swift */; };
/* End PBXBuildFile section */

/* Begin PBXFileReference section */
		CA3EEC242A0F332E000AA5A3 /* DetailViewController.swift */ = {isa = PBXFileReference; lastKnownFileType = sourcecode.swift; path = DetailViewController.swift; sourceTree = "<group>"; };
		CA8194D22A0E5E6100FBBCA8 /* ContactList 3.0.app */ = {isa = PBXFileReference; explicitFileType = wrapper.application; includeInIndex = 0; path = "ContactList 3.0.app"; sourceTree = BUILT_PRODUCTS_DIR; };
		CA8194D52A0E5E6100FBBCA8 /* AppDelegate.swift */ = {isa = PBXFileReference; lastKnownFileType = sourcecode.swift; path = AppDelegate.swift; sourceTree = "<group>"; };
		CA8194D72A0E5E6100FBBCA8 /* SceneDelegate.swift */ = {isa = PBXFileReference; lastKnownFileType = sourcecode.swift; path = SceneDelegate.swift; sourceTree = "<group>"; };
		CA8194DC2A0E5E6100FBBCA8 /* Base */ = {isa = PBXFileReference; lastKnownFileType = file.storyboard; name = Base; path = Base.lproj/Main.storyboard; sourceTree = "<group>"; };
		CA8194DE2A0E5E6200FBBCA8 /* Assets.xcassets */ = {isa = PBXFileReference; lastKnownFileType = folder.assetcatalog; path = Assets.xcassets; sourceTree = "<group>"; };
		CA8194E12A0E5E6200FBBCA8 /* Base */ = {isa = PBXFileReference; lastKnownFileType = file.storyboard; name = Base; path = Base.lproj/LaunchScreen.storyboard; sourceTree = "<group>"; };
		CA8194E32A0E5E6200FBBCA8 /* Info.plist */ = {isa = PBXFileReference; lastKnownFileType = text.plist.xml; path = Info.plist; sourceTree = "<group>"; };
		CA8194EC2A0E5F7F00FBBCA8 /* Contact.swift */ = {isa = PBXFileReference; lastKnownFileType = sourcecode.swift; path = Contact.swift; sourceTree = "<group>"; };
		CA8194EE2A0E604F00FBBCA8 /* StorageManager.swift */ = {isa = PBXFileReference; lastKnownFileType = sourcecode.swift; path = StorageManager.swift; sourceTree = "<group>"; };
		CAA72F122A0F269F004F9342 /* NewContactViewController.swift */ = {isa = PBXFileReference; lastKnownFileType = sourcecode.swift; path = NewContactViewController.swift; sourceTree = "<group>"; };
		CAA72F142A0F30F4004F9342 /* ContactListViewController.swift */ = {isa = PBXFileReference; lastKnownFileType = sourcecode.swift; path = ContactListViewController.swift; sourceTree = "<group>"; };
/* End PBXFileReference section */

/* Begin PBXFrameworksBuildPhase section */
		CA8194CF2A0E5E6100FBBCA8 /* Frameworks */ = {
			isa = PBXFrameworksBuildPhase;
			buildActionMask = 2147483647;
			files = (
			);
			runOnlyForDeploymentPostprocessing = 0;
		};
/* End PBXFrameworksBuildPhase section */

/* Begin PBXGroup section */
		CA8194C92A0E5E6100FBBCA8 = {
			isa = PBXGroup;
			children = (
				CA8194D42A0E5E6100FBBCA8 /* ContactList 3.0 */,
				CA8194D32A0E5E6100FBBCA8 /* Products */,
			);
			sourceTree = "<group>";
		};
		CA8194D32A0E5E6100FBBCA8 /* Products */ = {
			isa = PBXGroup;
			children = (
				CA8194D22A0E5E6100FBBCA8 /* ContactList 3.0.app */,
			);
			name = Products;
			sourceTree = "<group>";
		};
		CA8194D42A0E5E6100FBBCA8 /* ContactList 3.0 */ = {
			isa = PBXGroup;
			children = (
				CA8194E92A0E5F3800FBBCA8 /* Supports */,
				CAA72F142A0F30F4004F9342 /* ContactListViewController.swift */,
				CA8194EC2A0E5F7F00FBBCA8 /* Contact.swift */,
				CA8194EE2A0E604F00FBBCA8 /* StorageManager.swift */,
				CAA72F122A0F269F004F9342 /* NewContactViewController.swift */,
				CA3EEC242A0F332E000AA5A3 /* DetailViewController.swift */,
				CA8194EA2A0E5F5400FBBCA8 /* Storyboards */,
				CA8194EB2A0E5F6200FBBCA8 /* Models */,
			);
			path = "ContactList 3.0";
			sourceTree = "<group>";
		};
		CA8194E92A0E5F3800FBBCA8 /* Supports */ = {
			isa = PBXGroup;
			children = (
				CA8194D52A0E5E6100FBBCA8 /* AppDelegate.swift */,
				CA8194D72A0E5E6100FBBCA8 /* SceneDelegate.swift */,
				CA8194E32A0E5E6200FBBCA8 /* Info.plist */,
			);
			path = Supports;
			sourceTree = "<group>";
		};
		CA8194EA2A0E5F5400FBBCA8 /* Storyboards */ = {
			isa = PBXGroup;
			children = (
				CA8194DB2A0E5E6100FBBCA8 /* Main.storyboard */,
				CA8194E02A0E5E6200FBBCA8 /* LaunchScreen.storyboard */,
			);
			path = Storyboards;
			sourceTree = "<group>";
		};
		CA8194EB2A0E5F6200FBBCA8 /* Models */ = {
			isa = PBXGroup;
			children = (
				CA8194DE2A0E5E6200FBBCA8 /* Assets.xcassets */,
			);
			path = Models;
			sourceTree = "<group>";
		};
/* End PBXGroup section */

/* Begin PBXNativeTarget section */
		CA8194D12A0E5E6100FBBCA8 /* ContactList 3.0 */ = {
			isa = PBXNativeTarget;
			buildConfigurationList = CA8194E62A0E5E6200FBBCA8 /* Build configuration list for PBXNativeTarget "ContactList 3.0" */;
			buildPhases = (
				CA8194CE2A0E5E6100FBBCA8 /* Sources */,
				CA8194CF2A0E5E6100FBBCA8 /* Frameworks */,
				CA8194D02A0E5E6100FBBCA8 /* Resources */,
			);
			buildRules = (
			);
			dependencies = (
			);
			name = "ContactList 3.0";
			productName = "ContactList 3.0";
			productReference = CA8194D22A0E5E6100FBBCA8 /* ContactList 3.0.app */;
			productType = "com.apple.product-type.application";
		};
/* End PBXNativeTarget section */

/* Begin PBXProject section */
		CA8194CA2A0E5E6100FBBCA8 /* Project object */ = {
			isa = PBXProject;
			attributes = {
				BuildIndependentTargetsInParallel = 1;
				LastSwiftUpdateCheck = 1430;
				LastUpgradeCheck = 1430;
				TargetAttributes = {
					CA8194D12A0E5E6100FBBCA8 = {
						CreatedOnToolsVersion = 14.3;
					};
				};
			};
			buildConfigurationList = CA8194CD2A0E5E6100FBBCA8 /* Build configuration list for PBXProject "ContactList 3.0" */;
			compatibilityVersion = "Xcode 14.0";
			developmentRegion = en;
			hasScannedForEncodings = 0;
			knownRegions = (
				en,
				Base,
			);
			mainGroup = CA8194C92A0E5E6100FBBCA8;
			productRefGroup = CA8194D32A0E5E6100FBBCA8 /* Products */;
			projectDirPath = "";
			projectRoot = "";
			targets = (
				CA8194D12A0E5E6100FBBCA8 /* ContactList 3.0 */,
			);
		};
/* End PBXProject section */

/* Begin PBXResourcesBuildPhase section */
		CA8194D02A0E5E6100FBBCA8 /* Resources */ = {
			isa = PBXResourcesBuildPhase;
			buildActionMask = 2147483647;
			files = (
				CA8194E22A0E5E6200FBBCA8 /* LaunchScreen.storyboard in Resources */,
				CA8194DF2A0E5E6200FBBCA8 /* Assets.xcassets in Resources */,
				CA8194DD2A0E5E6100FBBCA8 /* Main.storyboard in Resources */,
			);
			runOnlyForDeploymentPostprocessing = 0;
		};
/* End PBXResourcesBuildPhase section */

/* Begin PBXSourcesBuildPhase section */
		CA8194CE2A0E5E6100FBBCA8 /* Sources */ = {
			isa = PBXSourcesBuildPhase;
			buildActionMask = 2147483647;
			files = (
				CA8194ED2A0E5F7F00FBBCA8 /* Contact.swift in Sources */,
				CA8194EF2A0E604F00FBBCA8 /* StorageManager.swift in Sources */,
				CA8194D62A0E5E6100FBBCA8 /* AppDelegate.swift in Sources */,
				CAA72F132A0F269F004F9342 /* NewContactViewController.swift in Sources */,
				CAA72F152A0F30F4004F9342 /* ContactListViewController.swift in Sources */,
				CA8194D82A0E5E6100FBBCA8 /* SceneDelegate.swift in Sources */,
				CA3EEC252A0F332E000AA5A3 /* DetailViewController.swift in Sources */,
			);
			runOnlyForDeploymentPostprocessing = 0;
		};
/* End PBXSourcesBuildPhase section */

/* Begin PBXVariantGroup section */
		CA8194DB2A0E5E6100FBBCA8 /* Main.storyboard */ = {
			isa = PBXVariantGroup;
			children = (
				CA8194DC2A0E5E6100FBBCA8 /* Base */,
			);
			name = Main.storyboard;
			sourceTree = "<group>";
		};
		CA8194E02A0E5E6200FBBCA8 /* LaunchScreen.storyboard */ = {
			isa = PBXVariantGroup;
			children = (
				CA8194E12A0E5E6200FBBCA8 /* Base */,
			);
			name = LaunchScreen.storyboard;
			sourceTree = "<group>";
		};
/* End PBXVariantGroup section */

/* Begin XCBuildConfiguration section */
		CA8194E42A0E5E6200FBBCA8 /* Debug */ = {
			isa = XCBuildConfiguration;
			buildSettings = {
				ALWAYS_SEARCH_USER_PATHS = NO;
				CLANG_ANALYZER_NONNULL = YES;
				CLANG_ANALYZER_NUMBER_OBJECT_CONVERSION = YES_AGGRESSIVE;
				CLANG_CXX_LANGUAGE_STANDARD = "gnu++20";
				CLANG_ENABLE_MODULES = YES;
				CLANG_ENABLE_OBJC_ARC = YES;
				CLANG_ENABLE_OBJC_WEAK = YES;
				CLANG_WARN_BLOCK_CAPTURE_AUTORELEASING = YES;
				CLANG_WARN_BOOL_CONVERSION = YES;
				CLANG_WARN_COMMA = YES;
				CLANG_WARN_CONSTANT_CONVERSION = YES;
				CLANG_WARN_DEPRECATED_OBJC_IMPLEMENTATIONS = YES;
				CLANG_WARN_DIRECT_OBJC_ISA_USAGE = YES_ERROR;
				CLANG_WARN_DOCUMENTATION_COMMENTS = YES;
				CLANG_WARN_EMPTY_BODY = YES;
				CLANG_WARN_ENUM_CONVERSION = YES;
				CLANG_WARN_INFINITE_RECURSION = YES;
				CLANG_WARN_INT_CONVERSION = YES;
				CLANG_WARN_NON_LITERAL_NULL_CONVERSION = YES;
				CLANG_WARN_OBJC_IMPLICIT_RETAIN_SELF = YES;
				CLANG_WARN_OBJC_LITERAL_CONVERSION = YES;
				CLANG_WARN_OBJC_ROOT_CLASS = YES_ERROR;
				CLANG_WARN_QUOTED_INCLUDE_IN_FRAMEWORK_HEADER = YES;
				CLANG_WARN_RANGE_LOOP_ANALYSIS = YES;
				CLANG_WARN_STRICT_PROTOTYPES = YES;
				CLANG_WARN_SUSPICIOUS_MOVE = YES;
				CLANG_WARN_UNGUARDED_AVAILABILITY = YES_AGGRESSIVE;
				CLANG_WARN_UNREACHABLE_CODE = YES;
				CLANG_WARN__DUPLICATE_METHOD_MATCH = YES;
				COPY_PHASE_STRIP = NO;
				DEBUG_INFORMATION_FORMAT = dwarf;
				ENABLE_STRICT_OBJC_MSGSEND = YES;
				ENABLE_TESTABILITY = YES;
				GCC_C_LANGUAGE_STANDARD = gnu11;
				GCC_DYNAMIC_NO_PIC = NO;
				GCC_NO_COMMON_BLOCKS = YES;
				GCC_OPTIMIZATION_LEVEL = 0;
				GCC_PREPROCESSOR_DEFINITIONS = (
					"DEBUG=1",
					"$(inherited)",
				);
				GCC_WARN_64_TO_32_BIT_CONVERSION = YES;
				GCC_WARN_ABOUT_RETURN_TYPE = YES_ERROR;
				GCC_WARN_UNDECLARED_SELECTOR = YES;
				GCC_WARN_UNINITIALIZED_AUTOS = YES_AGGRESSIVE;
				GCC_WARN_UNUSED_FUNCTION = YES;
				GCC_WARN_UNUSED_VARIABLE = YES;
				IPHONEOS_DEPLOYMENT_TARGET = 16.4;
				MTL_ENABLE_DEBUG_INFO = INCLUDE_SOURCE;
				MTL_FAST_MATH = YES;
				ONLY_ACTIVE_ARCH = YES;
				SDKROOT = iphoneos;
				SWIFT_ACTIVE_COMPILATION_CONDITIONS = DEBUG;
				SWIFT_OPTIMIZATION_LEVEL = "-Onone";
			};
			name = Debug;
		};
		CA8194E52A0E5E6200FBBCA8 /* Release */ = {
			isa = XCBuildConfiguration;
			buildSettings = {
				ALWAYS_SEARCH_USER_PATHS = NO;
				CLANG_ANALYZER_NONNULL = YES;
				CLANG_ANALYZER_NUMBER_OBJECT_CONVERSION = YES_AGGRESSIVE;
				CLANG_CXX_LANGUAGE_STANDARD = "gnu++20";
				CLANG_ENABLE_MODULES = YES;
				CLANG_ENABLE_OBJC_ARC = YES;
				CLANG_ENABLE_OBJC_WEAK = YES;
				CLANG_WARN_BLOCK_CAPTURE_AUTORELEASING = YES;
				CLANG_WARN_BOOL_CONVERSION = YES;
				CLANG_WARN_COMMA = YES;
				CLANG_WARN_CONSTANT_CONVERSION = YES;
				CLANG_WARN_DEPRECATED_OBJC_IMPLEMENTATIONS = YES;
				CLANG_WARN_DIRECT_OBJC_ISA_USAGE = YES_ERROR;
				CLANG_WARN_DOCUMENTATION_COMMENTS = YES;
				CLANG_WARN_EMPTY_BODY = YES;
				CLANG_WARN_ENUM_CONVERSION = YES;
				CLANG_WARN_INFINITE_RECURSION = YES;
				CLANG_WARN_INT_CONVERSION = YES;
				CLANG_WARN_NON_LITERAL_NULL_CONVERSION = YES;
				CLANG_WARN_OBJC_IMPLICIT_RETAIN_SELF = YES;
				CLANG_WARN_OBJC_LITERAL_CONVERSION = YES;
				CLANG_WARN_OBJC_ROOT_CLASS = YES_ERROR;
				CLANG_WARN_QUOTED_INCLUDE_IN_FRAMEWORK_HEADER = YES;
				CLANG_WARN_RANGE_LOOP_ANALYSIS = YES;
				CLANG_WARN_STRICT_PROTOTYPES = YES;
				CLANG_WARN_SUSPICIOUS_MOVE = YES;
				CLANG_WARN_UNGUARDED_AVAILABILITY = YES_AGGRESSIVE;
				CLANG_WARN_UNREACHABLE_CODE = YES;
				CLANG_WARN__DUPLICATE_METHOD_MATCH = YES;
				COPY_PHASE_STRIP = NO;
				DEBUG_INFORMATION_FORMAT = "dwarf-with-dsym";
				ENABLE_NS_ASSERTIONS = NO;
				ENABLE_STRICT_OBJC_MSGSEND = YES;
				GCC_C_LANGUAGE_STANDARD = gnu11;
				GCC_NO_COMMON_BLOCKS = YES;
				GCC_WARN_64_TO_32_BIT_CONVERSION = YES;
				GCC_WARN_ABOUT_RETURN_TYPE = YES_ERROR;
				GCC_WARN_UNDECLARED_SELECTOR = YES;
				GCC_WARN_UNINITIALIZED_AUTOS = YES_AGGRESSIVE;
				GCC_WARN_UNUSED_FUNCTION = YES;
				GCC_WARN_UNUSED_VARIABLE = YES;
				IPHONEOS_DEPLOYMENT_TARGET = 16.4;
				MTL_ENABLE_DEBUG_INFO = NO;
				MTL_FAST_MATH = YES;
				SDKROOT = iphoneos;
				SWIFT_COMPILATION_MODE = wholemodule;
				SWIFT_OPTIMIZATION_LEVEL = "-O";
				VALIDATE_PRODUCT = YES;
			};
			name = Release;
		};
		CA8194E72A0E5E6200FBBCA8 /* Debug */ = {
			isa = XCBuildConfiguration;
			buildSettings = {
				ASSETCATALOG_COMPILER_APPICON_NAME = AppIcon;
				ASSETCATALOG_COMPILER_GLOBAL_ACCENT_COLOR_NAME = AccentColor;
				CODE_SIGN_STYLE = Automatic;
				CURRENT_PROJECT_VERSION = 1;
				DEVELOPMENT_TEAM = ZW9W8KTK4N;
				GENERATE_INFOPLIST_FILE = YES;
				INFOPLIST_FILE = "ContactList 3.0/Supports/Info.plist";
				INFOPLIST_KEY_UIApplicationSupportsIndirectInputEvents = YES;
				INFOPLIST_KEY_UILaunchStoryboardName = LaunchScreen;
				INFOPLIST_KEY_UIMainStoryboardFile = Main;
				INFOPLIST_KEY_UISupportedInterfaceOrientations_iPad = "UIInterfaceOrientationPortrait UIInterfaceOrientationPortraitUpsideDown UIInterfaceOrientationLandscapeLeft UIInterfaceOrientationLandscapeRight";
				INFOPLIST_KEY_UISupportedInterfaceOrientations_iPhone = "UIInterfaceOrientationPortrait UIInterfaceOrientationLandscapeLeft UIInterfaceOrientationLandscapeRight";
				LD_RUNPATH_SEARCH_PATHS = (
					"$(inherited)",
					"@executable_path/Frameworks",
				);
				MARKETING_VERSION = 1.0;
				PRODUCT_BUNDLE_IDENTIFIER = "TesloCorp.ContactList-3-0";
				PRODUCT_NAME = "$(TARGET_NAME)";
				SWIFT_EMIT_LOC_STRINGS = YES;
				SWIFT_VERSION = 5.0;
				TARGETED_DEVICE_FAMILY = "1,2";
			};
			name = Debug;
		};
		CA8194E82A0E5E6200FBBCA8 /* Release */ = {
			isa = XCBuildConfiguration;
			buildSettings = {
				ASSETCATALOG_COMPILER_APPICON_NAME = AppIcon;
				ASSETCATALOG_COMPILER_GLOBAL_ACCENT_COLOR_NAME = AccentColor;
				CODE_SIGN_STYLE = Automatic;
				CURRENT_PROJECT_VERSION = 1;
				DEVELOPMENT_TEAM = ZW9W8KTK4N;
				GENERATE_INFOPLIST_FILE = YES;
				INFOPLIST_FILE = "ContactList 3.0/Supports/Info.plist";
				INFOPLIST_KEY_UIApplicationSupportsIndirectInputEvents = YES;
				INFOPLIST_KEY_UILaunchStoryboardName = LaunchScreen;
				INFOPLIST_KEY_UIMainStoryboardFile = Main;
				INFOPLIST_KEY_UISupportedInterfaceOrientations_iPad = "UIInterfaceOrientationPortrait UIInterfaceOrientationPortraitUpsideDown UIInterfaceOrientationLandscapeLeft UIInterfaceOrientationLandscapeRight";
				INFOPLIST_KEY_UISupportedInterfaceOrientations_iPhone = "UIInterfaceOrientationPortrait UIInterfaceOrientationLandscapeLeft UIInterfaceOrientationLandscapeRight";
				LD_RUNPATH_SEARCH_PATHS = (
					"$(inherited)",
					"@executable_path/Frameworks",
				);
				MARKETING_VERSION = 1.0;
				PRODUCT_BUNDLE_IDENTIFIER = "TesloCorp.ContactList-3-0";
				PRODUCT_NAME = "$(TARGET_NAME)";
				SWIFT_EMIT_LOC_STRINGS = YES;
				SWIFT_VERSION = 5.0;
				TARGETED_DEVICE_FAMILY = "1,2";
			};
			name = Release;
		};
/* End XCBuildConfiguration section */

/* Begin XCConfigurationList section */
		CA8194CD2A0E5E6100FBBCA8 /* Build configuration list for PBXProject "ContactList 3.0" */ = {
			isa = XCConfigurationList;
			buildConfigurations = (
				CA8194E42A0E5E6200FBBCA8 /* Debug */,
				CA8194E52A0E5E6200FBBCA8 /* Release */,
			);
			defaultConfigurationIsVisible = 0;
			defaultConfigurationName = Release;
		};
		CA8194E62A0E5E6200FBBCA8 /* Build configuration list for PBXNativeTarget "ContactList 3.0" */ = {
			isa = XCConfigurationList;
			buildConfigurations = (
				CA8194E72A0E5E6200FBBCA8 /* Debug */,
				CA8194E82A0E5E6200FBBCA8 /* Release */,
			);
			defaultConfigurationIsVisible = 0;
			defaultConfigurationName = Release;
		};
/* End XCConfigurationList section */
	};
	rootObject = CA8194CA2A0E5E6100FBBCA8 /* Project object */;
}
